
Microsoft Visual Studio Solution File, Format Version 12.00
# Visual Studio Version 16
VisualStudioVersion = 16.0.29020.237
MinimumVisualStudioVersion = 10.0.40219.1
Project("{2150E333-8FDC-42A3-9474-1A3956D46DE8}") = "modules", "modules", "{C1D89646-1D2E-4A8E-85EE-2716E8DF555E}"
EndProject
Project("{2150E333-8FDC-42A3-9474-1A3956D46DE8}") = "apps", "apps", "{6F5EE187-9607-4491-86E8-B7EA27FD54B1}"
EndProject
Project("{2150E333-8FDC-42A3-9474-1A3956D46DE8}") = "identity", "identity", "{42A3945D-5838-4CFB-B1B2-27F2932D64E2}"
EndProject
Project("{2150E333-8FDC-42A3-9474-1A3956D46DE8}") = "account", "account", "{2AF9E4D5-3EE2-4566-912D-D253B74E056C}"
EndProject
Project("{2150E333-8FDC-42A3-9474-1A3956D46DE8}") = "administration", "administration", "{73C49C45-DD43-4394-BE61-F24DA1E90F07}"
EndProject
Project("{9A19103F-16F7-4668-BE54-9A1E7A4F7556}") = "YZ.PrintStore.Account.Application", "modules\account\YZ.PrintStore.Account.Application\YZ.PrintStore.Account.Application.csproj", "{BC1F9977-1839-47DD-8EE7-F7AF8377875E}"
EndProject
Project("{9A19103F-16F7-4668-BE54-9A1E7A4F7556}") = "YZ.PrintStore.Account.Application.Contracts", "modules\account\YZ.PrintStore.Account.Application.Contracts\YZ.PrintStore.Account.Application.Contracts.csproj", "{B00E54FF-49A9-40D6-A809-AC3F486EEA43}"
EndProject
Project("{9A19103F-16F7-4668-BE54-9A1E7A4F7556}") = "YZ.PrintStore.Account.HttpApi", "modules\account\YZ.PrintStore.Account.HttpApi\YZ.PrintStore.Account.HttpApi.csproj", "{EE32ADE3-5A1E-4267-8CB7-054131C4536B}"
EndProject
Project("{9A19103F-16F7-4668-BE54-9A1E7A4F7556}") = "YZ.PrintStore.Identity.Application", "modules\identity\YZ.PrintStore.Identity.Application\YZ.PrintStore.Identity.Application.csproj", "{26D1FBE4-E211-4A86-81D7-271662DD6435}"
EndProject
Project("{9A19103F-16F7-4668-BE54-9A1E7A4F7556}") = "YZ.PrintStore.Identity.Application.Contracts", "modules\identity\YZ.PrintStore.Identity.Application.Contracts\YZ.PrintStore.Identity.Application.Contracts.csproj", "{D84B2CFC-19E7-4C39-8B53-FE5917B043BF}"
EndProject
Project("{9A19103F-16F7-4668-BE54-9A1E7A4F7556}") = "YZ.PrintStore.Identity.Domain", "modules\identity\YZ.PrintStore.Identity.Domain\YZ.PrintStore.Identity.Domain.csproj", "{5E947F58-E13A-4D09-A820-EB4A2CA4E894}"
EndProject
Project("{9A19103F-16F7-4668-BE54-9A1E7A4F7556}") = "YZ.PrintStore.Identity.Domain.Shared", "modules\identity\YZ.PrintStore.Identity.Domain.Shared\YZ.PrintStore.Identity.Domain.Shared.csproj", "{59F06E71-7771-4B65-8628-FDF1F109B9FB}"
EndProject
Project("{9A19103F-16F7-4668-BE54-9A1E7A4F7556}") = "YZ.PrintStore.Identity.EntityFrameworkCore", "modules\identity\YZ.PrintStore.Identity.EntityFrameworkCore\YZ.PrintStore.Identity.EntityFrameworkCore.csproj", "{A79405E9-EDBC-4E85-94B7-8F9014343EAE}"
EndProject
Project("{9A19103F-16F7-4668-BE54-9A1E7A4F7556}") = "YZ.PrintStore.Identity.HttpApi", "modules\identity\YZ.PrintStore.Identity.HttpApi\YZ.PrintStore.Identity.HttpApi.csproj", "{74770A79-15B7-44CB-BB2B-CAE5DE3D8E06}"
EndProject
Project("{9A19103F-16F7-4668-BE54-9A1E7A4F7556}") = "YZ.PrintStore.Identity.HttpApi.Client", "modules\identity\YZ.PrintStore.Identity.HttpApi.Client\YZ.PrintStore.Identity.HttpApi.Client.csproj", "{3D555FBE-BC6F-4963-8340-4AE2BA4167E4}"
EndProject
Project("{2150E333-8FDC-42A3-9474-1A3956D46DE8}") = "dbMigrator", "dbMigrator", "{C7F798CB-C0C9-4F1D-9484-2F553D02B41B}"
EndProject
Project("{9A19103F-16F7-4668-BE54-9A1E7A4F7556}") = "YZ.PrintStore.AdministrationService.Application", "modules\administration\YZ.PrintStore.AdministrationService.Application\YZ.PrintStore.AdministrationService.Application.csproj", "{2AB31D89-E995-445C-B5D2-6918D884EE7C}"
EndProject
Project("{9A19103F-16F7-4668-BE54-9A1E7A4F7556}") = "YZ.PrintStore.AdministrationService.Application.Contracts", "modules\administration\YZ.PrintStore.AdministrationService.Application.Contracts\YZ.PrintStore.AdministrationService.Application.Contracts.csproj", "{0D04CD2C-1B83-433F-9A49-4F38A64C9B9A}"
EndProject
Project("{9A19103F-16F7-4668-BE54-9A1E7A4F7556}") = "YZ.PrintStore.AdministrationService.Domain", "modules\administration\YZ.PrintStore.AdministrationService.Domain\YZ.PrintStore.AdministrationService.Domain.csproj", "{78B721C1-4A48-4693-AC94-A0D8E4C7B2C4}"
EndProject
Project("{9A19103F-16F7-4668-BE54-9A1E7A4F7556}") = "YZ.PrintStore.AdministrationService.Domain.Shared", "modules\administration\YZ.PrintStore.AdministrationService.Domain.Shared\YZ.PrintStore.AdministrationService.Domain.Shared.csproj", "{0C7C6E98-23B1-4133-9E02-C2FAA42F4CB8}"
EndProject
Project("{9A19103F-16F7-4668-BE54-9A1E7A4F7556}") = "YZ.PrintStore.AdministrationService.EntityFrameworkCore", "modules\administration\YZ.PrintStore.AdministrationService.EntityFrameworkCore\YZ.PrintStore.AdministrationService.EntityFrameworkCore.csproj", "{F3CC1644-DE95-4141-BFD8-576F092F6F3E}"
EndProject
Project("{9A19103F-16F7-4668-BE54-9A1E7A4F7556}") = "YZ.PrintStore.AdministrationService.HttpApi", "modules\administration\YZ.PrintStore.AdministrationService.HttpApi\YZ.PrintStore.AdministrationService.HttpApi.csproj", "{C5B430D4-0B83-4C6C-BCCF-AF35DECB1024}"
EndProject
Project("{9A19103F-16F7-4668-BE54-9A1E7A4F7556}") = "YZ.PrintStore.AdministrationService.HttpApi.Client", "modules\administration\YZ.PrintStore.AdministrationService.HttpApi.Client\YZ.PrintStore.AdministrationService.HttpApi.Client.csproj", "{695C9E1A-7031-4D04-A5F8-F6A871A1F86F}"
EndProject
Project("{9A19103F-16F7-4668-BE54-9A1E7A4F7556}") = "YZ.PrintStore.HttpApi.Host", "apps\YZ.PrintStore.HttpApi.Host\YZ.PrintStore.HttpApi.Host.csproj", "{7E6B3F08-5DCD-4543-BAFA-4A87B9DF1D56}"
EndProject
Project("{2150E333-8FDC-42A3-9474-1A3956D46DE8}") = "shared", "shared", "{500D7D74-C489-484C-AE86-A7FA29FF0E24}"
EndProject
Project("{9A19103F-16F7-4668-BE54-9A1E7A4F7556}") = "YZ.PrintStore.Shared", "shared\YZ.PrintStore.Shared\YZ.PrintStore.Shared.csproj", "{54FB26E6-4D17-4F92-9305-C32B62A3451A}"
EndProject
Project("{9A19103F-16F7-4668-BE54-9A1E7A4F7556}") = "YZ.PrintStore.DbMigrator", "dbMigrator\YZ.PrintStore.DbMigrator\YZ.PrintStore.DbMigrator.csproj", "{52AACE1D-F916-4354-B962-116763C1E39A}"
EndProject
Global
	GlobalSection(SolutionConfigurationPlatforms) = preSolution
		Debug|Any CPU = Debug|Any CPU
		Release|Any CPU = Release|Any CPU
	EndGlobalSection
	GlobalSection(ProjectConfigurationPlatforms) = postSolution
		{BC1F9977-1839-47DD-8EE7-F7AF8377875E}.Debug|Any CPU.ActiveCfg = Debug|Any CPU
		{BC1F9977-1839-47DD-8EE7-F7AF8377875E}.Debug|Any CPU.Build.0 = Debug|Any CPU
		{BC1F9977-1839-47DD-8EE7-F7AF8377875E}.Release|Any CPU.ActiveCfg = Release|Any CPU
		{BC1F9977-1839-47DD-8EE7-F7AF8377875E}.Release|Any CPU.Build.0 = Release|Any CPU
		{B00E54FF-49A9-40D6-A809-AC3F486EEA43}.Debug|Any CPU.ActiveCfg = Debug|Any CPU
		{B00E54FF-49A9-40D6-A809-AC3F486EEA43}.Debug|Any CPU.Build.0 = Debug|Any CPU
		{B00E54FF-49A9-40D6-A809-AC3F486EEA43}.Release|Any CPU.ActiveCfg = Release|Any CPU
		{B00E54FF-49A9-40D6-A809-AC3F486EEA43}.Release|Any CPU.Build.0 = Release|Any CPU
		{EE32ADE3-5A1E-4267-8CB7-054131C4536B}.Debug|Any CPU.ActiveCfg = Debug|Any CPU
		{EE32ADE3-5A1E-4267-8CB7-054131C4536B}.Debug|Any CPU.Build.0 = Debug|Any CPU
		{EE32ADE3-5A1E-4267-8CB7-054131C4536B}.Release|Any CPU.ActiveCfg = Release|Any CPU
		{EE32ADE3-5A1E-4267-8CB7-054131C4536B}.Release|Any CPU.Build.0 = Release|Any CPU
		{26D1FBE4-E211-4A86-81D7-271662DD6435}.Debug|Any CPU.ActiveCfg = Debug|Any CPU
		{26D1FBE4-E211-4A86-81D7-271662DD6435}.Debug|Any CPU.Build.0 = Debug|Any CPU
		{26D1FBE4-E211-4A86-81D7-271662DD6435}.Release|Any CPU.ActiveCfg = Release|Any CPU
		{26D1FBE4-E211-4A86-81D7-271662DD6435}.Release|Any CPU.Build.0 = Release|Any CPU
		{D84B2CFC-19E7-4C39-8B53-FE5917B043BF}.Debug|Any CPU.ActiveCfg = Debug|Any CPU
		{D84B2CFC-19E7-4C39-8B53-FE5917B043BF}.Debug|Any CPU.Build.0 = Debug|Any CPU
		{D84B2CFC-19E7-4C39-8B53-FE5917B043BF}.Release|Any CPU.ActiveCfg = Release|Any CPU
		{D84B2CFC-19E7-4C39-8B53-FE5917B043BF}.Release|Any CPU.Build.0 = Release|Any CPU
		{5E947F58-E13A-4D09-A820-EB4A2CA4E894}.Debug|Any CPU.ActiveCfg = Debug|Any CPU
		{5E947F58-E13A-4D09-A820-EB4A2CA4E894}.Debug|Any CPU.Build.0 = Debug|Any CPU
		{5E947F58-E13A-4D09-A820-EB4A2CA4E894}.Release|Any CPU.ActiveCfg = Release|Any CPU
		{5E947F58-E13A-4D09-A820-EB4A2CA4E894}.Release|Any CPU.Build.0 = Release|Any CPU
		{59F06E71-7771-4B65-8628-FDF1F109B9FB}.Debug|Any CPU.ActiveCfg = Debug|Any CPU
		{59F06E71-7771-4B65-8628-FDF1F109B9FB}.Debug|Any CPU.Build.0 = Debug|Any CPU
		{59F06E71-7771-4B65-8628-FDF1F109B9FB}.Release|Any CPU.ActiveCfg = Release|Any CPU
		{59F06E71-7771-4B65-8628-FDF1F109B9FB}.Release|Any CPU.Build.0 = Release|Any CPU
		{A79405E9-EDBC-4E85-94B7-8F9014343EAE}.Debug|Any CPU.ActiveCfg = Debug|Any CPU
		{A79405E9-EDBC-4E85-94B7-8F9014343EAE}.Debug|Any CPU.Build.0 = Debug|Any CPU
		{A79405E9-EDBC-4E85-94B7-8F9014343EAE}.Release|Any CPU.ActiveCfg = Release|Any CPU
		{A79405E9-EDBC-4E85-94B7-8F9014343EAE}.Release|Any CPU.Build.0 = Release|Any CPU
		{74770A79-15B7-44CB-BB2B-CAE5DE3D8E06}.Debug|Any CPU.ActiveCfg = Debug|Any CPU
		{74770A79-15B7-44CB-BB2B-CAE5DE3D8E06}.Debug|Any CPU.Build.0 = Debug|Any CPU
		{74770A79-15B7-44CB-BB2B-CAE5DE3D8E06}.Release|Any CPU.ActiveCfg = Release|Any CPU
		{74770A79-15B7-44CB-BB2B-CAE5DE3D8E06}.Release|Any CPU.Build.0 = Release|Any CPU
		{3D555FBE-BC6F-4963-8340-4AE2BA4167E4}.Debug|Any CPU.ActiveCfg = Debug|Any CPU
		{3D555FBE-BC6F-4963-8340-4AE2BA4167E4}.Debug|Any CPU.Build.0 = Debug|Any CPU
		{3D555FBE-BC6F-4963-8340-4AE2BA4167E4}.Release|Any CPU.ActiveCfg = Release|Any CPU
		{3D555FBE-BC6F-4963-8340-4AE2BA4167E4}.Release|Any CPU.Build.0 = Release|Any CPU
		{2AB31D89-E995-445C-B5D2-6918D884EE7C}.Debug|Any CPU.ActiveCfg = Debug|Any CPU
		{2AB31D89-E995-445C-B5D2-6918D884EE7C}.Debug|Any CPU.Build.0 = Debug|Any CPU
		{2AB31D89-E995-445C-B5D2-6918D884EE7C}.Release|Any CPU.ActiveCfg = Release|Any CPU
		{2AB31D89-E995-445C-B5D2-6918D884EE7C}.Release|Any CPU.Build.0 = Release|Any CPU
		{0D04CD2C-1B83-433F-9A49-4F38A64C9B9A}.Debug|Any CPU.ActiveCfg = Debug|Any CPU
		{0D04CD2C-1B83-433F-9A49-4F38A64C9B9A}.Debug|Any CPU.Build.0 = Debug|Any CPU
		{0D04CD2C-1B83-433F-9A49-4F38A64C9B9A}.Release|Any CPU.ActiveCfg = Release|Any CPU
		{0D04CD2C-1B83-433F-9A49-4F38A64C9B9A}.Release|Any CPU.Build.0 = Release|Any CPU
		{78B721C1-4A48-4693-AC94-A0D8E4C7B2C4}.Debug|Any CPU.ActiveCfg = Debug|Any CPU
		{78B721C1-4A48-4693-AC94-A0D8E4C7B2C4}.Debug|Any CPU.Build.0 = Debug|Any CPU
		{78B721C1-4A48-4693-AC94-A0D8E4C7B2C4}.Release|Any CPU.ActiveCfg = Release|Any CPU
		{78B721C1-4A48-4693-AC94-A0D8E4C7B2C4}.Release|Any CPU.Build.0 = Release|Any CPU
		{0C7C6E98-23B1-4133-9E02-C2FAA42F4CB8}.Debug|Any CPU.ActiveCfg = Debug|Any CPU
		{0C7C6E98-23B1-4133-9E02-C2FAA42F4CB8}.Debug|Any CPU.Build.0 = Debug|Any CPU
		{0C7C6E98-23B1-4133-9E02-C2FAA42F4CB8}.Release|Any CPU.ActiveCfg = Release|Any CPU
		{0C7C6E98-23B1-4133-9E02-C2FAA42F4CB8}.Release|Any CPU.Build.0 = Release|Any CPU
		{F3CC1644-DE95-4141-BFD8-576F092F6F3E}.Debug|Any CPU.ActiveCfg = Debug|Any CPU
		{F3CC1644-DE95-4141-BFD8-576F092F6F3E}.Debug|Any CPU.Build.0 = Debug|Any CPU
		{F3CC1644-DE95-4141-BFD8-576F092F6F3E}.Release|Any CPU.ActiveCfg = Release|Any CPU
		{F3CC1644-DE95-4141-BFD8-576F092F6F3E}.Release|Any CPU.Build.0 = Release|Any CPU
		{C5B430D4-0B83-4C6C-BCCF-AF35DECB1024}.Debug|Any CPU.ActiveCfg = Debug|Any CPU
		{C5B430D4-0B83-4C6C-BCCF-AF35DECB1024}.Debug|Any CPU.Build.0 = Debug|Any CPU
		{C5B430D4-0B83-4C6C-BCCF-AF35DECB1024}.Release|Any CPU.ActiveCfg = Release|Any CPU
		{C5B430D4-0B83-4C6C-BCCF-AF35DECB1024}.Release|Any CPU.Build.0 = Release|Any CPU
		{695C9E1A-7031-4D04-A5F8-F6A871A1F86F}.Debug|Any CPU.ActiveCfg = Debug|Any CPU
		{695C9E1A-7031-4D04-A5F8-F6A871A1F86F}.Debug|Any CPU.Build.0 = Debug|Any CPU
		{695C9E1A-7031-4D04-A5F8-F6A871A1F86F}.Release|Any CPU.ActiveCfg = Release|Any CPU
		{695C9E1A-7031-4D04-A5F8-F6A871A1F86F}.Release|Any CPU.Build.0 = Release|Any CPU
		{7E6B3F08-5DCD-4543-BAFA-4A87B9DF1D56}.Debug|Any CPU.ActiveCfg = Debug|Any CPU
		{7E6B3F08-5DCD-4543-BAFA-4A87B9DF1D56}.Debug|Any CPU.Build.0 = Debug|Any CPU
		{7E6B3F08-5DCD-4543-BAFA-4A87B9DF1D56}.Release|Any CPU.ActiveCfg = Release|Any CPU
		{7E6B3F08-5DCD-4543-BAFA-4A87B9DF1D56}.Release|Any CPU.Build.0 = Release|Any CPU
		{54FB26E6-4D17-4F92-9305-C32B62A3451A}.Debug|Any CPU.ActiveCfg = Debug|Any CPU
		{54FB26E6-4D17-4F92-9305-C32B62A3451A}.Debug|Any CPU.Build.0 = Debug|Any CPU
		{54FB26E6-4D17-4F92-9305-C32B62A3451A}.Release|Any CPU.ActiveCfg = Release|Any CPU
		{54FB26E6-4D17-4F92-9305-C32B62A3451A}.Release|Any CPU.Build.0 = Release|Any CPU
		{52AACE1D-F916-4354-B962-116763C1E39A}.Debug|Any CPU.ActiveCfg = Debug|Any CPU
		{52AACE1D-F916-4354-B962-116763C1E39A}.Debug|Any CPU.Build.0 = Debug|Any CPU
		{52AACE1D-F916-4354-B962-116763C1E39A}.Release|Any CPU.ActiveCfg = Release|Any CPU
		{52AACE1D-F916-4354-B962-116763C1E39A}.Release|Any CPU.Build.0 = Release|Any CPU
	EndGlobalSection
	GlobalSection(SolutionProperties) = preSolution
		HideSolutionNode = FALSE
	EndGlobalSection
	GlobalSection(NestedProjects) = preSolution
		{42A3945D-5838-4CFB-B1B2-27F2932D64E2} = {C1D89646-1D2E-4A8E-85EE-2716E8DF555E}
		{2AF9E4D5-3EE2-4566-912D-D253B74E056C} = {C1D89646-1D2E-4A8E-85EE-2716E8DF555E}
		{73C49C45-DD43-4394-BE61-F24DA1E90F07} = {C1D89646-1D2E-4A8E-85EE-2716E8DF555E}
		{BC1F9977-1839-47DD-8EE7-F7AF8377875E} = {2AF9E4D5-3EE2-4566-912D-D253B74E056C}
		{B00E54FF-49A9-40D6-A809-AC3F486EEA43} = {2AF9E4D5-3EE2-4566-912D-D253B74E056C}
		{EE32ADE3-5A1E-4267-8CB7-054131C4536B} = {2AF9E4D5-3EE2-4566-912D-D253B74E056C}
		{26D1FBE4-E211-4A86-81D7-271662DD6435} = {42A3945D-5838-4CFB-B1B2-27F2932D64E2}
		{D84B2CFC-19E7-4C39-8B53-FE5917B043BF} = {42A3945D-5838-4CFB-B1B2-27F2932D64E2}
		{5E947F58-E13A-4D09-A820-EB4A2CA4E894} = {42A3945D-5838-4CFB-B1B2-27F2932D64E2}
		{59F06E71-7771-4B65-8628-FDF1F109B9FB} = {42A3945D-5838-4CFB-B1B2-27F2932D64E2}
		{A79405E9-EDBC-4E85-94B7-8F9014343EAE} = {42A3945D-5838-4CFB-B1B2-27F2932D64E2}
		{74770A79-15B7-44CB-BB2B-CAE5DE3D8E06} = {42A3945D-5838-4CFB-B1B2-27F2932D64E2}
		{3D555FBE-BC6F-4963-8340-4AE2BA4167E4} = {42A3945D-5838-4CFB-B1B2-27F2932D64E2}
		{2AB31D89-E995-445C-B5D2-6918D884EE7C} = {73C49C45-DD43-4394-BE61-F24DA1E90F07}
		{0D04CD2C-1B83-433F-9A49-4F38A64C9B9A} = {73C49C45-DD43-4394-BE61-F24DA1E90F07}
		{78B721C1-4A48-4693-AC94-A0D8E4C7B2C4} = {73C49C45-DD43-4394-BE61-F24DA1E90F07}
		{0C7C6E98-23B1-4133-9E02-C2FAA42F4CB8} = {73C49C45-DD43-4394-BE61-F24DA1E90F07}
		{F3CC1644-DE95-4141-BFD8-576F092F6F3E} = {73C49C45-DD43-4394-BE61-F24DA1E90F07}
		{C5B430D4-0B83-4C6C-BCCF-AF35DECB1024} = {73C49C45-DD43-4394-BE61-F24DA1E90F07}
		{695C9E1A-7031-4D04-A5F8-F6A871A1F86F} = {73C49C45-DD43-4394-BE61-F24DA1E90F07}
		{7E6B3F08-5DCD-4543-BAFA-4A87B9DF1D56} = {6F5EE187-9607-4491-86E8-B7EA27FD54B1}
		{54FB26E6-4D17-4F92-9305-C32B62A3451A} = {500D7D74-C489-484C-AE86-A7FA29FF0E24}
		{52AACE1D-F916-4354-B962-116763C1E39A} = {C7F798CB-C0C9-4F1D-9484-2F553D02B41B}
	EndGlobalSection
	GlobalSection(ExtensibilityGlobals) = postSolution
		SolutionGuid = {28315BFD-90E7-4E14-A2EA-F3D23AF4126F}
	EndGlobalSection
EndGlobal
